# THIS IS AN AUTOGENERATED FILE. DO NOT EDIT THIS FILE DIRECTLY.
# yarn lockfile v1


fast-speedtest-api@^0.3.1:
  version "0.3.1"
  resolved "https://registry.yarnpkg.com/fast-speedtest-api/-/fast-speedtest-api-0.3.1.tgz#a9eb2a60a6e5c57ac57ae4e8afaddf0c0ac8b278"
  integrity sha512-jIYwgAJpY8prUg7c2Na99VCOzuAlFVTY1Z4P2fUZK0/BMD4qjPPQ6LET1j8suBZtJaDzPCtOI4McDnUZl1rREg==
